// !$*UTF8*$!
{
	archiveVersion = 1;
	classes = {
	};
	objectVersion = 77;
	objects = {

/* Begin PBXBuildFile section */
		AEF1000B2FC50001003E60B3 /* SeenWidget.appex in Embed Foundation Extensions */ = {isa = PBXBuildFile; fileRef = AEF100012FC50001003E60B3 /* SeenWidget.appex */; settings = {ATTRIBUTES = (RemoveHeadersOnCopy, ); }; };
		AE62B84B2FC1C846003E60B3 /* HealthManager.swift in Sources */ = {isa = PBXBuildFile; fileRef = AE62B83C2FC1C846003E60B3 /* HealthManager.swift */; };
		AE62B84C2FC1C846003E60B3 /* ShiguangApp.swift in Sources */ = {isa = PBXBuildFile; fileRef = AE62B8432FC1C846003E60B3 /* ShiguangApp.swift */; };
		AE62B84D2FC1C846003E60B3 /* CalendarView.swift in Sources */ = {isa = PBXBuildFile; fileRef = AE62B8442FC1C846003E60B3 /* CalendarView.swift */; };
		AE62B8502FC1C846003E60B3 /* WeatherManager.swift in Sources */ = {isa = PBXBuildFile; fileRef = AE62B83D2FC1C846003E60B3 /* WeatherManager.swift */; };
		AE62B8522FC1C846003E60B3 /* Habit.swift in Sources */ = {isa = PBXBuildFile; fileRef = AE62B8402FC1C846003E60B3 /* Habit.swift */; };
		AE62B8542FC1C846003E60B3 /* DailyMood.swift in Sources */ = {isa = PBXBuildFile; fileRef = AE62B83F2FC1C846003E60B3 /* DailyMood.swift */; };
		AE62B8552FC1C846003E60B3 /* Inspiration.swift in Sources */ = {isa = PBXBuildFile; fileRef = AE62B8412FC1C846003E60B3 /* Inspiration.swift */; };
		AE62B8562FC1C846003E60B3 /* ContentView.swift in Sources */ = {isa = PBXBuildFile; fileRef = AE62B8452FC1C846003E60B3 /* ContentView.swift */; };
		AE62B8592FC30651003E60B3 /* WorkoutSession.swift in Sources */ = {isa = PBXBuildFile; fileRef = AE62B8582FC30651003E60B3 /* WorkoutSession.swift */; };
		AEE010012FC40A01003E60B3 /* TodayView.swift in Sources */ = {isa = PBXBuildFile; fileRef = AEE010022FC40A01003E60B3 /* TodayView.swift */; };
		AEE010032FC40A01003E60B3 /* RecordView.swift in Sources */ = {isa = PBXBuildFile; fileRef = AEE010042FC40A01003E60B3 /* RecordView.swift */; };
		AEE010052FC40A01003E60B3 /* TrendView.swift in Sources */ = {isa = PBXBuildFile; fileRef = AEE010062FC40A01003E60B3 /* TrendView.swift */; };
		AEE010072FC40A01003E60B3 /* AIView.swift in Sources */ = {isa = PBXBuildFile; fileRef = AEE010082FC40A01003E60B3 /* AIView.swift */; };
		AEE010092FC40A01003E60B3 /* MoreView.swift in Sources */ = {isa = PBXBuildFile; fileRef = AEE0100A2FC40A01003E60B3 /* MoreView.swift */; };
		AEE0100B2FC40A01003E60B3 /* CheckIn.swift in Sources */ = {isa = PBXBuildFile; fileRef = AEE0100C2FC40A01003E60B3 /* CheckIn.swift */; };
		AEE030012FC40C01003E60B3 /* MessagesView.swift in Sources */ = {isa = PBXBuildFile; fileRef = AEE030022FC40C01003E60B3 /* MessagesView.swift */; };
		AEE030032FC40C01003E60B3 /* BodyView.swift in Sources */ = {isa = PBXBuildFile; fileRef = AEE030042FC40C01003E60B3 /* BodyView.swift */; };
/* End PBXBuildFile section */

/* Begin PBXContainerItemProxy section */
		AEF1000C2FC50001003E60B3 /* PBXContainerItemProxy */ = {
			isa = PBXContainerItemProxy;
			containerPortal = AE62B8082FC1C7B4003E60B3 /* Project object */;
			proxyType = 1;
			remoteGlobalIDString = AEF100032FC50001003E60B3;
			remoteInfo = SeenWidget;
		};
		AE62B8202FC1C7B6003E60B3 /* PBXContainerItemProxy */ = {
			isa = PBXContainerItemProxy;
			containerPortal = AE62B8082FC1C7B4003E60B3 /* Project object */;
			proxyType = 1;
			remoteGlobalIDString = AE62B80F2FC1C7B4003E60B3;
			remoteInfo = "'拾光'";
		};
		AE62B82A2FC1C7B6003E60B3 /* PBXContainerItemProxy */ = {
			isa = PBXContainerItemProxy;
			containerPortal = AE62B8082FC1C7B4003E60B3 /* Project object */;
			proxyType = 1;
			remoteGlobalIDString = AE62B80F2FC1C7B4003E60B3;
			remoteInfo = "'拾光'";
		};
/* End PBXContainerItemProxy section */

/* Begin PBXCopyFilesBuildPhase section */
		AEF1000A2FC50001003E60B3 /* Embed Foundation Extensions */ = {
			isa = PBXCopyFilesBuildPhase;
			buildActionMask = 2147483647;
			dstPath = "";
			dstSubfolderSpec = 13;
			files = (
				AEF1000B2FC50001003E60B3 /* SeenWidget.appex in Embed Foundation Extensions */,
			);
			name = "Embed Foundation Extensions";
			runOnlyForDeploymentPostprocessing = 0;
		};
/* End PBXCopyFilesBuildPhase section */

/* Begin PBXFileReference section */
		AEF100012FC50001003E60B3 /* SeenWidget.appex */ = {isa = PBXFileReference; explicitFileType = "wrapper.app-extension"; includeInIndex = 0; path = SeenWidget.appex; sourceTree = BUILT_PRODUCTS_DIR; };
		AE62B8102FC1C7B4003E60B3 /* '拾光'.app */ = {isa = PBXFileReference; explicitFileType = wrapper.application; includeInIndex = 0; path = "'拾光'.app"; sourceTree = BUILT_PRODUCTS_DIR; };
		AE62B81F2FC1C7B6003E60B3 /* '拾光'Tests.xctest */ = {isa = PBXFileReference; explicitFileType = wrapper.cfbundle; includeInIndex = 0; path = "'拾光'Tests.xctest"; sourceTree = BUILT_PRODUCTS_DIR; };
		AE62B8292FC1C7B6003E60B3 /* '拾光'UITests.xctest */ = {isa = PBXFileReference; explicitFileType = wrapper.cfbundle; includeInIndex = 0; path = "'拾光'UITests.xctest"; sourceTree = BUILT_PRODUCTS_DIR; };
		AE62B83C2FC1C846003E60B3 /* HealthManager.swift */ = {isa = PBXFileReference; lastKnownFileType = sourcecode.swift; path = HealthManager.swift; sourceTree = "<group>"; };
		AE62B83D2FC1C846003E60B3 /* WeatherManager.swift */ = {isa = PBXFileReference; lastKnownFileType = sourcecode.swift; path = WeatherManager.swift; sourceTree = "<group>"; };
		AE62B83F2FC1C846003E60B3 /* DailyMood.swift */ = {isa = PBXFileReference; lastKnownFileType = sourcecode.swift; path = DailyMood.swift; sourceTree = "<group>"; };
		AE62B8402FC1C846003E60B3 /* Habit.swift */ = {isa = PBXFileReference; lastKnownFileType = sourcecode.swift; path = Habit.swift; sourceTree = "<group>"; };
		AE62B8412FC1C846003E60B3 /* Inspiration.swift */ = {isa = PBXFileReference; lastKnownFileType = sourcecode.swift; path = Inspiration.swift; sourceTree = "<group>"; };
		AE62B8432FC1C846003E60B3 /* ShiguangApp.swift */ = {isa = PBXFileReference; lastKnownFileType = sourcecode.swift; path = ShiguangApp.swift; sourceTree = "<group>"; };
		AE62B8442FC1C846003E60B3 /* CalendarView.swift */ = {isa = PBXFileReference; lastKnownFileType = sourcecode.swift; path = CalendarView.swift; sourceTree = "<group>"; };
		AE62B8452FC1C846003E60B3 /* ContentView.swift */ = {isa = PBXFileReference; lastKnownFileType = sourcecode.swift; path = ContentView.swift; sourceTree = "<group>"; };
		AE62B8582FC30651003E60B3 /* WorkoutSession.swift */ = {isa = PBXFileReference; lastKnownFileType = sourcecode.swift; path = WorkoutSession.swift; sourceTree = "<group>"; };
		AEE010022FC40A01003E60B3 /* TodayView.swift */ = {isa = PBXFileReference; lastKnownFileType = sourcecode.swift; path = TodayView.swift; sourceTree = "<group>"; };
		AEE010042FC40A01003E60B3 /* RecordView.swift */ = {isa = PBXFileReference; lastKnownFileType = sourcecode.swift; path = RecordView.swift; sourceTree = "<group>"; };
		AEE010062FC40A01003E60B3 /* TrendView.swift */ = {isa = PBXFileReference; lastKnownFileType = sourcecode.swift; path = TrendView.swift; sourceTree = "<group>"; };
		AEE010082FC40A01003E60B3 /* AIView.swift */ = {isa = PBXFileReference; lastKnownFileType = sourcecode.swift; path = AIView.swift; sourceTree = "<group>"; };
		AEE0100A2FC40A01003E60B3 /* MoreView.swift */ = {isa = PBXFileReference; lastKnownFileType = sourcecode.swift; path = MoreView.swift; sourceTree = "<group>"; };
		AEE0100C2FC40A01003E60B3 /* CheckIn.swift */ = {isa = PBXFileReference; lastKnownFileType = sourcecode.swift; path = CheckIn.swift; sourceTree = "<group>"; };
		AEE030022FC40C01003E60B3 /* MessagesView.swift */ = {isa = PBXFileReference; lastKnownFileType = sourcecode.swift; path = MessagesView.swift; sourceTree = "<group>"; };
		AEE030042FC40C01003E60B3 /* BodyView.swift */ = {isa = PBXFileReference; lastKnownFileType = sourcecode.swift; path = BodyView.swift; sourceTree = "<group>"; };
/* End PBXFileReference section */

/* Begin PBXFileSystemSynchronizedBuildFileExceptionSet section */
		AEF1000E2FC50001003E60B3 /* Exceptions for "SeenWidget" folder in "SeenWidget" target */ = {
			isa = PBXFileSystemSynchronizedBuildFileExceptionSet;
			membershipExceptions = (
				Info.plist,
			);
			target = AEF100032FC50001003E60B3 /* SeenWidget */;
		};
/* End PBXFileSystemSynchronizedBuildFileExceptionSet section */

/* Begin PBXFileSystemSynchronizedRootGroup section */
		AEF100022FC50001003E60B3 /* SeenWidget */ = {
			exceptions = (
				AEF1000E2FC50001003E60B3 /* Exceptions for "SeenWidget" folder in "SeenWidget" target */,
			);
			isa = PBXFileSystemSynchronizedRootGroup;
			path = SeenWidget;
			sourceTree = "<group>";
		};
		AE62B8122FC1C7B4003E60B3 /* '拾光' */ = {
			isa = PBXFileSystemSynchronizedRootGroup;
			path = "'拾光'";
			sourceTree = "<group>";
		};
		AE62B8222FC1C7B6003E60B3 /* '拾光'Tests */ = {
			isa = PBXFileSystemSynchronizedRootGroup;
			path = "'拾光'Tests";
			sourceTree = "<group>";
		};
		AE62B82C2FC1C7B6003E60B3 /* '拾光'UITests */ = {
			isa = PBXFileSystemSynchronizedRootGroup;
			path = "'拾光'UITests";
			sourceTree = "<group>";
		};
/* End PBXFileSystemSynchronizedRootGroup section */

/* Begin PBXFrameworksBuildPhase section */
		AEF100052FC50001003E60B3 /* Frameworks */ = {
			isa = PBXFrameworksBuildPhase;
			buildActionMask = 2147483647;
			files = (
			);
			runOnlyForDeploymentPostprocessing = 0;
		};
		AE62B80D2FC1C7B4003E60B3 /* Frameworks */ = {
			isa = PBXFrameworksBuildPhase;
			buildActionMask = 2147483647;
			files = (
			);
			runOnlyForDeploymentPostprocessing = 0;
		};
		AE62B81C2FC1C7B6003E60B3 /* Frameworks */ = {
			isa = PBXFrameworksBuildPhase;
			buildActionMask = 2147483647;
			files = (
			);
			runOnlyForDeploymentPostprocessing = 0;
		};
		AE62B8262FC1C7B6003E60B3 /* Frameworks */ = {
			isa = PBXFrameworksBuildPhase;
			buildActionMask = 2147483647;
			files = (
			);
			runOnlyForDeploymentPostprocessing = 0;
		};
/* End PBXFrameworksBuildPhase section */

/* Begin PBXGroup section */
		AE62B8072FC1C7B4003E60B3 = {
			isa = PBXGroup;
			children = (
				AEF100022FC50001003E60B3 /* SeenWidget */,
				AE62B8122FC1C7B4003E60B3 /* '拾光' */,
				AE62B8222FC1C7B6003E60B3 /* '拾光'Tests */,
				AE62B82C2FC1C7B6003E60B3 /* '拾光'UITests */,
				AE62B83E2FC1C846003E60B3 /* Managers */,
				AE62B8422FC1C846003E60B3 /* Models */,
				AE62B8432FC1C846003E60B3 /* ShiguangApp.swift */,
				AE62B84A2FC1C846003E60B3 /* Views */,
				AE62B8112FC1C7B4003E60B3 /* Products */,
			);
			sourceTree = "<group>";
		};
		AE62B8112FC1C7B4003E60B3 /* Products */ = {
			isa = PBXGroup;
			children = (
				AEF100012FC50001003E60B3 /* SeenWidget.appex */,
				AE62B8102FC1C7B4003E60B3 /* '拾光'.app */,
				AE62B81F2FC1C7B6003E60B3 /* '拾光'Tests.xctest */,
				AE62B8292FC1C7B6003E60B3 /* '拾光'UITests.xctest */,
			);
			name = Products;
			sourceTree = "<group>";
		};
		AE62B83E2FC1C846003E60B3 /* Managers */ = {
			isa = PBXGroup;
			children = (
				AE62B83C2FC1C846003E60B3 /* HealthManager.swift */,
				AE62B83D2FC1C846003E60B3 /* WeatherManager.swift */,
			);
			path = Managers;
			sourceTree = "<group>";
		};
		AE62B8422FC1C846003E60B3 /* Models */ = {
			isa = PBXGroup;
			children = (
				AE62B8582FC30651003E60B3 /* WorkoutSession.swift */,
				AE62B83F2FC1C846003E60B3 /* DailyMood.swift */,
				AE62B8402FC1C846003E60B3 /* Habit.swift */,
				AE62B8412FC1C846003E60B3 /* Inspiration.swift */,
				AEE0100C2FC40A01003E60B3 /* CheckIn.swift */,
			);
			path = Models;
			sourceTree = "<group>";
		};
		AE62B84A2FC1C846003E60B3 /* Views */ = {
			isa = PBXGroup;
			children = (
				AE62B8442FC1C846003E60B3 /* CalendarView.swift */,
				AE62B8452FC1C846003E60B3 /* ContentView.swift */,
				AEE010022FC40A01003E60B3 /* TodayView.swift */,
				AEE010042FC40A01003E60B3 /* RecordView.swift */,
				AEE010062FC40A01003E60B3 /* TrendView.swift */,
				AEE010082FC40A01003E60B3 /* AIView.swift */,
				AEE0100A2FC40A01003E60B3 /* MoreView.swift */,
				AEE030022FC40C01003E60B3 /* MessagesView.swift */,
				AEE030042FC40C01003E60B3 /* BodyView.swift */,
			);
			path = Views;
			sourceTree = "<group>";
		};
/* End PBXGroup section */

/* Begin PBXNativeTarget section */
		AE62B80F2FC1C7B4003E60B3 /* '拾光' */ = {
			isa = PBXNativeTarget;
			buildConfigurationList = AE62B8332FC1C7B6003E60B3 /* Build configuration list for PBXNativeTarget "'拾光'" */;
			buildPhases = (
				AE62B80C2FC1C7B4003E60B3 /* Sources */,
				AE62B80D2FC1C7B4003E60B3 /* Frameworks */,
				AE62B80E2FC1C7B4003E60B3 /* Resources */,
				AEF1000A2FC50001003E60B3 /* Embed Foundation Extensions */,
			);
			buildRules = (
			);
			dependencies = (
				AEF1000D2FC50001003E60B3 /* PBXTargetDependency */,
			);
			fileSystemSynchronizedGroups = (
				AE62B8122FC1C7B4003E60B3 /* '拾光' */,
			);
			name = "'拾光'";
			packageProductDependencies = (
			);
			productName = "'拾光'";
			productReference = AE62B8102FC1C7B4003E60B3 /* '拾光'.app */;
			productType = "com.apple.product-type.application";
		};
		AEF100032FC50001003E60B3 /* SeenWidget */ = {
			isa = PBXNativeTarget;
			buildConfigurationList = AEF100072FC50001003E60B3 /* Build configuration list for PBXNativeTarget "SeenWidget" */;
			buildPhases = (
				AEF100042FC50001003E60B3 /* Sources */,
				AEF100052FC50001003E60B3 /* Frameworks */,
				AEF100062FC50001003E60B3 /* Resources */,
			);
			buildRules = (
			);
			dependencies = (
			);
			fileSystemSynchronizedGroups = (
				AEF100022FC50001003E60B3 /* SeenWidget */,
			);
			name = SeenWidget;
			packageProductDependencies = (
			);
			productName = SeenWidget;
			productReference = AEF100012FC50001003E60B3 /* SeenWidget.appex */;
			productType = "com.apple.product-type.app-extension";
		};
		AE62B81E2FC1C7B6003E60B3 /* '拾光'Tests */ = {
			isa = PBXNativeTarget;
			buildConfigurationList = AE62B8362FC1C7B6003E60B3 /* Build configuration list for PBXNativeTarget "'拾光'Tests" */;
			buildPhases = (
				AE62B81B2FC1C7B6003E60B3 /* Sources */,
				AE62B81C2FC1C7B6003E60B3 /* Frameworks */,
				AE62B81D2FC1C7B6003E60B3 /* Resources */,
			);
			buildRules = (
			);
			dependencies = (
				AE62B8212FC1C7B6003E60B3 /* PBXTargetDependency */,
			);
			fileSystemSynchronizedGroups = (
				AE62B8222FC1C7B6003E60B3 /* '拾光'Tests */,
			);
			name = "'拾光'Tests";
			packageProductDependencies = (
			);
			productName = "'拾光'Tests";
			productReference = AE62B81F2FC1C7B6003E60B3 /* '拾光'Tests.xctest */;
			productType = "com.apple.product-type.bundle.unit-test";
		};
		AE62B8282FC1C7B6003E60B3 /* '拾光'UITests */ = {
			isa = PBXNativeTarget;
			buildConfigurationList = AE62B8392FC1C7B6003E60B3 /* Build configuration list for PBXNativeTarget "'拾光'UITests" */;
			buildPhases = (
				AE62B8252FC1C7B6003E60B3 /* Sources */,
				AE62B8262FC1C7B6003E60B3 /* Frameworks */,
				AE62B8272FC1C7B6003E60B3 /* Resources */,
			);
			buildRules = (
			);
			dependencies = (
				AE62B82B2FC1C7B6003E60B3 /* PBXTargetDependency */,
			);
			fileSystemSynchronizedGroups = (
				AE62B82C2FC1C7B6003E60B3 /* '拾光'UITests */,
			);
			name = "'拾光'UITests";
			packageProductDependencies = (
			);
			productName = "'拾光'UITests";
			productReference = AE62B8292FC1C7B6003E60B3 /* '拾光'UITests.xctest */;
			productType = "com.apple.product-type.bundle.ui-testing";
		};
/* End PBXNativeTarget section */

/* Begin PBXProject section */
		AE62B8082FC1C7B4003E60B3 /* Project object */ = {
			isa = PBXProject;
			attributes = {
				BuildIndependentTargetsInParallel = 1;
				LastSwiftUpdateCheck = 2650;
				LastUpgradeCheck = 2650;
				TargetAttributes = {
					AEF100032FC50001003E60B3 = {
						CreatedOnToolsVersion = 26.5;
					};
					AE62B80F2FC1C7B4003E60B3 = {
						CreatedOnToolsVersion = 26.5;
					};
					AE62B81E2FC1C7B6003E60B3 = {
						CreatedOnToolsVersion = 26.5;
						TestTargetID = AE62B80F2FC1C7B4003E60B3;
					};
					AE62B8282FC1C7B6003E60B3 = {
						CreatedOnToolsVersion = 26.5;
						TestTargetID = AE62B80F2FC1C7B4003E60B3;
					};
				};
			};
			buildConfigurationList = AE62B80B2FC1C7B4003E60B3 /* Build configuration list for PBXProject "'拾光'" */;
			developmentRegion = en;
			hasScannedForEncodings = 0;
			knownRegions = (
				en,
				Base,
			);
			mainGroup = AE62B8072FC1C7B4003E60B3;
			minimizedProjectReferenceProxies = 1;
			preferredProjectObjectVersion = 77;
			productRefGroup = AE62B8112FC1C7B4003E60B3 /* Products */;
			projectDirPath = "";
			projectRoot = "";
			targets = (
				AE62B80F2FC1C7B4003E60B3 /* '拾光' */,
				AEF100032FC50001003E60B3 /* SeenWidget */,
				AE62B81E2FC1C7B6003E60B3 /* '拾光'Tests */,
				AE62B8282FC1C7B6003E60B3 /* '拾光'UITests */,
			);
		};
/* End PBXProject section */

/* Begin PBXResourcesBuildPhase section */
		AEF100062FC50001003E60B3 /* Resources */ = {
			isa = PBXResourcesBuildPhase;
			buildActionMask = 2147483647;
			files = (
			);
			runOnlyForDeploymentPostprocessing = 0;
		};
		AE62B80E2FC1C7B4003E60B3 /* Resources */ = {
			isa = PBXResourcesBuildPhase;
			buildActionMask = 2147483647;
			files = (
			);
			runOnlyForDeploymentPostprocessing = 0;
		};
		AE62B81D2FC1C7B6003E60B3 /* Resources */ = {
			isa = PBXResourcesBuildPhase;
			buildActionMask = 2147483647;
			files = (
			);
			runOnlyForDeploymentPostprocessing = 0;
		};
		AE62B8272FC1C7B6003E60B3 /* Resources */ = {
			isa = PBXResourcesBuildPhase;
			buildActionMask = 2147483647;
			files = (
			);
			runOnlyForDeploymentPostprocessing = 0;
		};
/* End PBXResourcesBuildPhase section */

/* Begin PBXSourcesBuildPhase section */
		AEF100042FC50001003E60B3 /* Sources */ = {
			isa = PBXSourcesBuildPhase;
			buildActionMask = 2147483647;
			files = (
			);
			runOnlyForDeploymentPostprocessing = 0;
		};
		AE62B80C2FC1C7B4003E60B3 /* Sources */ = {
			isa = PBXSourcesBuildPhase;
			buildActionMask = 2147483647;
			files = (
				AE62B84B2FC1C846003E60B3 /* HealthManager.swift in Sources */,
				AE62B84C2FC1C846003E60B3 /* ShiguangApp.swift in Sources */,
				AE62B8592FC30651003E60B3 /* WorkoutSession.swift in Sources */,
				AE62B84D2FC1C846003E60B3 /* CalendarView.swift in Sources */,
				AE62B8502FC1C846003E60B3 /* WeatherManager.swift in Sources */,
				AE62B8522FC1C846003E60B3 /* Habit.swift in Sources */,
				AE62B8542FC1C846003E60B3 /* DailyMood.swift in Sources */,
				AE62B8552FC1C846003E60B3 /* Inspiration.swift in Sources */,
				AE62B8562FC1C846003E60B3 /* ContentView.swift in Sources */,
				AEE010012FC40A01003E60B3 /* TodayView.swift in Sources */,
				AEE010032FC40A01003E60B3 /* RecordView.swift in Sources */,
				AEE010052FC40A01003E60B3 /* TrendView.swift in Sources */,
				AEE010072FC40A01003E60B3 /* AIView.swift in Sources */,
				AEE010092FC40A01003E60B3 /* MoreView.swift in Sources */,
				AEE030012FC40C01003E60B3 /* MessagesView.swift in Sources */,
				AEE030032FC40C01003E60B3 /* BodyView.swift in Sources */,
				AEE0100B2FC40A01003E60B3 /* CheckIn.swift in Sources */,
			);
			runOnlyForDeploymentPostprocessing = 0;
		};
		AE62B81B2FC1C7B6003E60B3 /* Sources */ = {
			isa = PBXSourcesBuildPhase;
			buildActionMask = 2147483647;
			files = (
			);
			runOnlyForDeploymentPostprocessing = 0;
		};
		AE62B8252FC1C7B6003E60B3 /* Sources */ = {
			isa = PBXSourcesBuildPhase;
			buildActionMask = 2147483647;
			files = (
			);
			runOnlyForDeploymentPostprocessing = 0;
		};
/* End PBXSourcesBuildPhase section */

/* Begin PBXTargetDependency section */
		AEF1000D2FC50001003E60B3 /* PBXTargetDependency */ = {
			isa = PBXTargetDependency;
			target = AEF100032FC50001003E60B3 /* SeenWidget */;
			targetProxy = AEF1000C2FC50001003E60B3 /* PBXContainerItemProxy */;
		};
		AE62B8212FC1C7B6003E60B3 /* PBXTargetDependency */ = {
			isa = PBXTargetDependency;
			target = AE62B80F2FC1C7B4003E60B3 /* '拾光' */;
			targetProxy = AE62B8202FC1C7B6003E60B3 /* PBXContainerItemProxy */;
		};
		AE62B82B2FC1C7B6003E60B3 /* PBXTargetDependency */ = {
			isa = PBXTargetDependency;
			target = AE62B80F2FC1C7B4003E60B3 /* '拾光' */;
			targetProxy = AE62B82A2FC1C7B6003E60B3 /* PBXContainerItemProxy */;
		};
/* End PBXTargetDependency section */

/* Begin XCBuildConfiguration section */
		AEF100082FC50001003E60B3 /* Debug */ = {
			isa = XCBuildConfiguration;
			buildSettings = {
				APPLICATION_EXTENSION_API_ONLY = YES;
				CODE_SIGN_ENTITLEMENTS = SeenWidget/SeenWidget.entitlements;
				CODE_SIGN_STYLE = Automatic;
				CURRENT_PROJECT_VERSION = 1;
				DEVELOPMENT_TEAM = QA429K3656;
				GENERATE_INFOPLIST_FILE = NO;
				INFOPLIST_FILE = SeenWidget/Info.plist;
				IPHONEOS_DEPLOYMENT_TARGET = 26.5;
				LD_RUNPATH_SEARCH_PATHS = (
					"$(inherited)",
					"@executable_path/Frameworks",
					"@executable_path/../../Frameworks",
				);
				MARKETING_VERSION = 1.0;
				PRODUCT_BUNDLE_IDENTIFIER = "YL.----.SeenWidget";
				PRODUCT_NAME = "$(TARGET_NAME)";
				SKIP_INSTALL = YES;
				SWIFT_APPROACHABLE_CONCURRENCY = YES;
				SWIFT_DEFAULT_ACTOR_ISOLATION = MainActor;
				SWIFT_EMIT_LOC_STRINGS = YES;
				SWIFT_UPCOMING_FEATURE_MEMBER_IMPORT_VISIBILITY = YES;
				SWIFT_VERSION = 5.0;
				TARGETED_DEVICE_FAMILY = "1,2";
			};
			name = Debug;
		};
		AEF100092FC50001003E60B3 /* Release */ = {
			isa = XCBuildConfiguration;
			buildSettings = {
				APPLICATION_EXTENSION_API_ONLY = YES;
				CODE_SIGN_ENTITLEMENTS = SeenWidget/SeenWidget.entitlements;
				CODE_SIGN_STYLE = Automatic;
				CURRENT_PROJECT_VERSION = 1;
				DEVELOPMENT_TEAM = QA429K3656;
				GENERATE_INFOPLIST_FILE = NO;
				INFOPLIST_FILE = SeenWidget/Info.plist;
				IPHONEOS_DEPLOYMENT_TARGET = 26.5;
				LD_RUNPATH_SEARCH_PATHS = (
					"$(inherited)",
					"@executable_path/Frameworks",
					"@executable_path/../../Frameworks",
				);
				MARKETING_VERSION = 1.0;
				PRODUCT_BUNDLE_IDENTIFIER = "YL.----.SeenWidget";
				PRODUCT_NAME = "$(TARGET_NAME)";
				SKIP_INSTALL = YES;
				SWIFT_APPROACHABLE_CONCURRENCY = YES;
				SWIFT_DEFAULT_ACTOR_ISOLATION = MainActor;
				SWIFT_EMIT_LOC_STRINGS = YES;
				SWIFT_UPCOMING_FEATURE_MEMBER_IMPORT_VISIBILITY = YES;
				SWIFT_VERSION = 5.0;
				TARGETED_DEVICE_FAMILY = "1,2";
			};
			name = Release;
		};
		AE62B8312FC1C7B6003E60B3 /* Debug */ = {
			isa = XCBuildConfiguration;
			buildSettings = {
				ALWAYS_SEARCH_USER_PATHS = NO;
				ASSETCATALOG_COMPILER_GENERATE_SWIFT_ASSET_SYMBOL_EXTENSIONS = YES;
				CLANG_ANALYZER_NONNULL = YES;
				CLANG_ANALYZER_NUMBER_OBJECT_CONVERSION = YES_AGGRESSIVE;
				CLANG_CXX_LANGUAGE_STANDARD = "gnu++20";
				CLANG_ENABLE_MODULES = YES;
				CLANG_ENABLE_OBJC_ARC = YES;
				CLANG_ENABLE_OBJC_WEAK = YES;
				CLANG_WARN_BLOCK_CAPTURE_AUTORELEASING = YES;
				CLANG_WARN_BOOL_CONVERSION = YES;
				CLANG_WARN_COMMA = YES;
				CLANG_WARN_CONSTANT_CONVERSION = YES;
				CLANG_WARN_DEPRECATED_OBJC_IMPLEMENTATIONS = YES;
				CLANG_WARN_DIRECT_OBJC_ISA_USAGE = YES_ERROR;
				CLANG_WARN_DOCUMENTATION_COMMENTS = YES;
				CLANG_WARN_EMPTY_BODY = YES;
				CLANG_WARN_ENUM_CONVERSION = YES;
				CLANG_WARN_INFINITE_RECURSION = YES;
				CLANG_WARN_INT_CONVERSION = YES;
				CLANG_WARN_NON_LITERAL_NULL_CONVERSION = YES;
				CLANG_WARN_OBJC_IMPLICIT_RETAIN_SELF = YES;
				CLANG_WARN_OBJC_LITERAL_CONVERSION = YES;
				CLANG_WARN_OBJC_ROOT_CLASS = YES_ERROR;
				CLANG_WARN_QUOTED_INCLUDE_IN_FRAMEWORK_HEADER = YES;
				CLANG_WARN_RANGE_LOOP_ANALYSIS = YES;
				CLANG_WARN_STRICT_PROTOTYPES = YES;
				CLANG_WARN_SUSPICIOUS_MOVE = YES;
				CLANG_WARN_UNGUARDED_AVAILABILITY = YES_AGGRESSIVE;
				CLANG_WARN_UNREACHABLE_CODE = YES;
				CLANG_WARN__DUPLICATE_METHOD_MATCH = YES;
				COPY_PHASE_STRIP = NO;
				DEBUG_INFORMATION_FORMAT = dwarf;
				DEVELOPMENT_TEAM = QA429K3656;
				ENABLE_STRICT_OBJC_MSGSEND = YES;
				ENABLE_TESTABILITY = YES;
				ENABLE_USER_SCRIPT_SANDBOXING = YES;
				GCC_C_LANGUAGE_STANDARD = gnu17;
				GCC_DYNAMIC_NO_PIC = NO;
				GCC_NO_COMMON_BLOCKS = YES;
				GCC_OPTIMIZATION_LEVEL = 0;
				GCC_PREPROCESSOR_DEFINITIONS = (
					"DEBUG=1",
					"$(inherited)",
				);
				GCC_WARN_64_TO_32_BIT_CONVERSION = YES;
				GCC_WARN_ABOUT_RETURN_TYPE = YES_ERROR;
				GCC_WARN_UNDECLARED_SELECTOR = YES;
				GCC_WARN_UNINITIALIZED_AUTOS = YES_AGGRESSIVE;
				GCC_WARN_UNUSED_FUNCTION = YES;
				GCC_WARN_UNUSED_VARIABLE = YES;
				IPHONEOS_DEPLOYMENT_TARGET = 26.5;
				LOCALIZATION_PREFERS_STRING_CATALOGS = YES;
				MTL_ENABLE_DEBUG_INFO = INCLUDE_SOURCE;
				MTL_FAST_MATH = YES;
				ONLY_ACTIVE_ARCH = YES;
				SDKROOT = iphoneos;
				SWIFT_ACTIVE_COMPILATION_CONDITIONS = "DEBUG $(inherited)";
				SWIFT_OPTIMIZATION_LEVEL = "-Onone";
			};
			name = Debug;
		};
		AE62B8322FC1C7B6003E60B3 /* Release */ = {
			isa = XCBuildConfiguration;
			buildSettings = {
				ALWAYS_SEARCH_USER_PATHS = NO;
				ASSETCATALOG_COMPILER_GENERATE_SWIFT_ASSET_SYMBOL_EXTENSIONS = YES;
				CLANG_ANALYZER_NONNULL = YES;
				CLANG_ANALYZER_NUMBER_OBJECT_CONVERSION = YES_AGGRESSIVE;
				CLANG_CXX_LANGUAGE_STANDARD = "gnu++20";
				CLANG_ENABLE_MODULES = YES;
				CLANG_ENABLE_OBJC_ARC = YES;
				CLANG_ENABLE_OBJC_WEAK = YES;
				CLANG_WARN_BLOCK_CAPTURE_AUTORELEASING = YES;
				CLANG_WARN_BOOL_CONVERSION = YES;
				CLANG_WARN_COMMA = YES;
				CLANG_WARN_CONSTANT_CONVERSION = YES;
				CLANG_WARN_DEPRECATED_OBJC_IMPLEMENTATIONS = YES;
				CLANG_WARN_DIRECT_OBJC_ISA_USAGE = YES_ERROR;
				CLANG_WARN_DOCUMENTATION_COMMENTS = YES;
				CLANG_WARN_EMPTY_BODY = YES;
				CLANG_WARN_ENUM_CONVERSION = YES;
				CLANG_WARN_INFINITE_RECURSION = YES;
				CLANG_WARN_INT_CONVERSION = YES;
				CLANG_WARN_NON_LITERAL_NULL_CONVERSION = YES;
				CLANG_WARN_OBJC_IMPLICIT_RETAIN_SELF = YES;
				CLANG_WARN_OBJC_LITERAL_CONVERSION = YES;
				CLANG_WARN_OBJC_ROOT_CLASS = YES_ERROR;
				CLANG_WARN_QUOTED_INCLUDE_IN_FRAMEWORK_HEADER = YES;
				CLANG_WARN_RANGE_LOOP_ANALYSIS = YES;
				CLANG_WARN_STRICT_PROTOTYPES = YES;
				CLANG_WARN_SUSPICIOUS_MOVE = YES;
				CLANG_WARN_UNGUARDED_AVAILABILITY = YES_AGGRESSIVE;
				CLANG_WARN_UNREACHABLE_CODE = YES;
				CLANG_WARN__DUPLICATE_METHOD_MATCH = YES;
				COPY_PHASE_STRIP = NO;
				DEBUG_INFORMATION_FORMAT = "dwarf-with-dsym";
				DEVELOPMENT_TEAM = QA429K3656;
				ENABLE_NS_ASSERTIONS = NO;
				ENABLE_STRICT_OBJC_MSGSEND = YES;
				ENABLE_USER_SCRIPT_SANDBOXING = YES;
				GCC_C_LANGUAGE_STANDARD = gnu17;
				GCC_NO_COMMON_BLOCKS = YES;
				GCC_WARN_64_TO_32_BIT_CONVERSION = YES;
				GCC_WARN_ABOUT_RETURN_TYPE = YES_ERROR;
				GCC_WARN_UNDECLARED_SELECTOR = YES;
				GCC_WARN_UNINITIALIZED_AUTOS = YES_AGGRESSIVE;
				GCC_WARN_UNUSED_FUNCTION = YES;
				GCC_WARN_UNUSED_VARIABLE = YES;
				IPHONEOS_DEPLOYMENT_TARGET = 26.5;
				LOCALIZATION_PREFERS_STRING_CATALOGS = YES;
				MTL_ENABLE_DEBUG_INFO = NO;
				MTL_FAST_MATH = YES;
				SDKROOT = iphoneos;
				SWIFT_COMPILATION_MODE = wholemodule;
				VALIDATE_PRODUCT = YES;
			};
			name = Release;
		};
		AE62B8342FC1C7B6003E60B3 /* Debug */ = {
			isa = XCBuildConfiguration;
			buildSettings = {
				ASSETCATALOG_COMPILER_APPICON_NAME = AppIcon;
				ASSETCATALOG_COMPILER_GLOBAL_ACCENT_COLOR_NAME = AccentColor;
				CODE_SIGN_ENTITLEMENTS = "'拾光'/'拾光'.entitlements";
				CODE_SIGN_STYLE = Automatic;
				CURRENT_PROJECT_VERSION = 1;
				DEVELOPMENT_TEAM = QA429K3656;
				ENABLE_PREVIEWS = YES;
				GENERATE_INFOPLIST_FILE = YES;
				INFOPLIST_FILE = "-----Info.plist";
				INFOPLIST_KEY_CFBundleDisplayName = Seen;
				INFOPLIST_KEY_NSHealthShareUsageDescription = "需要读取睡眠、心率、活动、血氧、手腕温度和最大摄氧量，用来展示身体状态";
				INFOPLIST_KEY_NSHealthUpdateUsageDescription = "需要读取你的健康数据，用来同步和解释当天状态";
				INFOPLIST_KEY_NSLocationWhenInUseUsageDescription = "获取位置用于显示天气";
				INFOPLIST_KEY_UIApplicationSceneManifest_Generation = YES;
				INFOPLIST_KEY_UIApplicationSupportsIndirectInputEvents = YES;
				INFOPLIST_KEY_UILaunchScreen_Generation = YES;
				INFOPLIST_KEY_UISupportedInterfaceOrientations_iPad = "UIInterfaceOrientationPortrait UIInterfaceOrientationPortraitUpsideDown UIInterfaceOrientationLandscapeLeft UIInterfaceOrientationLandscapeRight";
				INFOPLIST_KEY_UISupportedInterfaceOrientations_iPhone = "UIInterfaceOrientationPortrait UIInterfaceOrientationLandscapeLeft UIInterfaceOrientationLandscapeRight";
				LD_RUNPATH_SEARCH_PATHS = (
					"$(inherited)",
					"@executable_path/Frameworks",
				);
				MARKETING_VERSION = 1.0;
				PRODUCT_BUNDLE_IDENTIFIER = "YL.----";
				PRODUCT_NAME = "$(TARGET_NAME)";
				STRING_CATALOG_GENERATE_SYMBOLS = YES;
				SWIFT_APPROACHABLE_CONCURRENCY = YES;
				SWIFT_DEFAULT_ACTOR_ISOLATION = MainActor;
				SWIFT_EMIT_LOC_STRINGS = YES;
				SWIFT_UPCOMING_FEATURE_MEMBER_IMPORT_VISIBILITY = YES;
				SWIFT_VERSION = 5.0;
				TARGETED_DEVICE_FAMILY = "1,2";
			};
			name = Debug;
		};
		AE62B8352FC1C7B6003E60B3 /* Release */ = {
			isa = XCBuildConfiguration;
			buildSettings = {
				ASSETCATALOG_COMPILER_APPICON_NAME = AppIcon;
				ASSETCATALOG_COMPILER_GLOBAL_ACCENT_COLOR_NAME = AccentColor;
				CODE_SIGN_ENTITLEMENTS = "'拾光'/'拾光'.entitlements";
				CODE_SIGN_STYLE = Automatic;
				CURRENT_PROJECT_VERSION = 1;
				DEVELOPMENT_TEAM = QA429K3656;
				ENABLE_PREVIEWS = YES;
				GENERATE_INFOPLIST_FILE = YES;
				INFOPLIST_FILE = "-----Info.plist";
				INFOPLIST_KEY_CFBundleDisplayName = Seen;
				INFOPLIST_KEY_NSHealthShareUsageDescription = "需要读取睡眠、心率、活动、血氧、手腕温度和最大摄氧量，用来展示身体状态";
				INFOPLIST_KEY_NSHealthUpdateUsageDescription = "需要读取你的健康数据，用来同步和解释当天状态";
				INFOPLIST_KEY_NSLocationWhenInUseUsageDescription = "获取位置用于显示天气";
				INFOPLIST_KEY_UIApplicationSceneManifest_Generation = YES;
				INFOPLIST_KEY_UIApplicationSupportsIndirectInputEvents = YES;
				INFOPLIST_KEY_UILaunchScreen_Generation = YES;
				INFOPLIST_KEY_UISupportedInterfaceOrientations_iPad = "UIInterfaceOrientationPortrait UIInterfaceOrientationPortraitUpsideDown UIInterfaceOrientationLandscapeLeft UIInterfaceOrientationLandscapeRight";
				INFOPLIST_KEY_UISupportedInterfaceOrientations_iPhone = "UIInterfaceOrientationPortrait UIInterfaceOrientationLandscapeLeft UIInterfaceOrientationLandscapeRight";
				LD_RUNPATH_SEARCH_PATHS = (
					"$(inherited)",
					"@executable_path/Frameworks",
				);
				MARKETING_VERSION = 1.0;
				PRODUCT_BUNDLE_IDENTIFIER = "YL.----";
				PRODUCT_NAME = "$(TARGET_NAME)";
				STRING_CATALOG_GENERATE_SYMBOLS = YES;
				SWIFT_APPROACHABLE_CONCURRENCY = YES;
				SWIFT_DEFAULT_ACTOR_ISOLATION = MainActor;
				SWIFT_EMIT_LOC_STRINGS = YES;
				SWIFT_UPCOMING_FEATURE_MEMBER_IMPORT_VISIBILITY = YES;
				SWIFT_VERSION = 5.0;
				TARGETED_DEVICE_FAMILY = "1,2";
			};
			name = Release;
		};
		AE62B8372FC1C7B6003E60B3 /* Debug */ = {
			isa = XCBuildConfiguration;
			buildSettings = {
				BUNDLE_LOADER = "$(TEST_HOST)";
				CODE_SIGN_STYLE = Automatic;
				CURRENT_PROJECT_VERSION = 1;
				DEVELOPMENT_TEAM = QA429K3656;
				GENERATE_INFOPLIST_FILE = YES;
				IPHONEOS_DEPLOYMENT_TARGET = 26.5;
				MARKETING_VERSION = 1.0;
				PRODUCT_BUNDLE_IDENTIFIER = "YL.----Tests";
				PRODUCT_NAME = "$(TARGET_NAME)";
				STRING_CATALOG_GENERATE_SYMBOLS = NO;
				SWIFT_APPROACHABLE_CONCURRENCY = YES;
				SWIFT_EMIT_LOC_STRINGS = NO;
				SWIFT_UPCOMING_FEATURE_MEMBER_IMPORT_VISIBILITY = YES;
				SWIFT_VERSION = 5.0;
				TARGETED_DEVICE_FAMILY = "1,2";
				TEST_HOST = "$(BUILT_PRODUCTS_DIR)/'拾光'.app/$(BUNDLE_EXECUTABLE_FOLDER_PATH)/'拾光'";
			};
			name = Debug;
		};
		AE62B8382FC1C7B6003E60B3 /* Release */ = {
			isa = XCBuildConfiguration;
			buildSettings = {
				BUNDLE_LOADER = "$(TEST_HOST)";
				CODE_SIGN_STYLE = Automatic;
				CURRENT_PROJECT_VERSION = 1;
				DEVELOPMENT_TEAM = QA429K3656;
				GENERATE_INFOPLIST_FILE = YES;
				IPHONEOS_DEPLOYMENT_TARGET = 26.5;
				MARKETING_VERSION = 1.0;
				PRODUCT_BUNDLE_IDENTIFIER = "YL.----Tests";
				PRODUCT_NAME = "$(TARGET_NAME)";
				STRING_CATALOG_GENERATE_SYMBOLS = NO;
				SWIFT_APPROACHABLE_CONCURRENCY = YES;
				SWIFT_EMIT_LOC_STRINGS = NO;
				SWIFT_UPCOMING_FEATURE_MEMBER_IMPORT_VISIBILITY = YES;
				SWIFT_VERSION = 5.0;
				TARGETED_DEVICE_FAMILY = "1,2";
				TEST_HOST = "$(BUILT_PRODUCTS_DIR)/'拾光'.app/$(BUNDLE_EXECUTABLE_FOLDER_PATH)/'拾光'";
			};
			name = Release;
		};
		AE62B83A2FC1C7B6003E60B3 /* Debug */ = {
			isa = XCBuildConfiguration;
			buildSettings = {
				CODE_SIGN_STYLE = Automatic;
				CURRENT_PROJECT_VERSION = 1;
				DEVELOPMENT_TEAM = QA429K3656;
				GENERATE_INFOPLIST_FILE = YES;
				MARKETING_VERSION = 1.0;
				PRODUCT_BUNDLE_IDENTIFIER = "YL.----UITests";
				PRODUCT_NAME = "$(TARGET_NAME)";
				STRING_CATALOG_GENERATE_SYMBOLS = NO;
				SWIFT_APPROACHABLE_CONCURRENCY = YES;
				SWIFT_EMIT_LOC_STRINGS = NO;
				SWIFT_UPCOMING_FEATURE_MEMBER_IMPORT_VISIBILITY = YES;
				SWIFT_VERSION = 5.0;
				TARGETED_DEVICE_FAMILY = "1,2";
				TEST_TARGET_NAME = "'拾光'";
			};
			name = Debug;
		};
		AE62B83B2FC1C7B6003E60B3 /* Release */ = {
			isa = XCBuildConfiguration;
			buildSettings = {
				CODE_SIGN_STYLE = Automatic;
				CURRENT_PROJECT_VERSION = 1;
				DEVELOPMENT_TEAM = QA429K3656;
				GENERATE_INFOPLIST_FILE = YES;
				MARKETING_VERSION = 1.0;
				PRODUCT_BUNDLE_IDENTIFIER = "YL.----UITests";
				PRODUCT_NAME = "$(TARGET_NAME)";
				STRING_CATALOG_GENERATE_SYMBOLS = NO;
				SWIFT_APPROACHABLE_CONCURRENCY = YES;
				SWIFT_EMIT_LOC_STRINGS = NO;
				SWIFT_UPCOMING_FEATURE_MEMBER_IMPORT_VISIBILITY = YES;
				SWIFT_VERSION = 5.0;
				TARGETED_DEVICE_FAMILY = "1,2";
				TEST_TARGET_NAME = "'拾光'";
			};
			name = Release;
		};
/* End XCBuildConfiguration section */

/* Begin XCConfigurationList section */
		AEF100072FC50001003E60B3 /* Build configuration list for PBXNativeTarget "SeenWidget" */ = {
			isa = XCConfigurationList;
			buildConfigurations = (
				AEF100082FC50001003E60B3 /* Debug */,
				AEF100092FC50001003E60B3 /* Release */,
			);
			defaultConfigurationIsVisible = 0;
			defaultConfigurationName = Release;
		};
		AE62B80B2FC1C7B4003E60B3 /* Build configuration list for PBXProject "'拾光'" */ = {
			isa = XCConfigurationList;
			buildConfigurations = (
				AE62B8312FC1C7B6003E60B3 /* Debug */,
				AE62B8322FC1C7B6003E60B3 /* Release */,
			);
			defaultConfigurationIsVisible = 0;
			defaultConfigurationName = Release;
		};
		AE62B8332FC1C7B6003E60B3 /* Build configuration list for PBXNativeTarget "'拾光'" */ = {
			isa = XCConfigurationList;
			buildConfigurations = (
				AE62B8342FC1C7B6003E60B3 /* Debug */,
				AE62B8352FC1C7B6003E60B3 /* Release */,
			);
			defaultConfigurationIsVisible = 0;
			defaultConfigurationName = Release;
		};
		AE62B8362FC1C7B6003E60B3 /* Build configuration list for PBXNativeTarget "'拾光'Tests" */ = {
			isa = XCConfigurationList;
			buildConfigurations = (
				AE62B8372FC1C7B6003E60B3 /* Debug */,
				AE62B8382FC1C7B6003E60B3 /* Release */,
			);
			defaultConfigurationIsVisible = 0;
			defaultConfigurationName = Release;
		};
		AE62B8392FC1C7B6003E60B3 /* Build configuration list for PBXNativeTarget "'拾光'UITests" */ = {
			isa = XCConfigurationList;
			buildConfigurations = (
				AE62B83A2FC1C7B6003E60B3 /* Debug */,
				AE62B83B2FC1C7B6003E60B3 /* Release */,
			);
			defaultConfigurationIsVisible = 0;
			defaultConfigurationName = Release;
		};
/* End XCConfigurationList section */
	};
	rootObject = AE62B8082FC1C7B4003E60B3 /* Project object */;
}
